
Microsoft Visual Studio Solution File, Format Version 12.00
# Visual Studio Version 16
VisualStudioVersion = 16.0.29001.49
MinimumVisualStudioVersion = 10.0.40219.1
Project("{FAE04EC0-301F-11D3-BF4B-00C04F79EFBC}") = "FindLayer", "FindLayer.csproj", "{5F7AAEBC-2C08-4405-A565-1D43F2966B4F}"
EndProject
Global
	GlobalSection(SolutionConfigurationPlatforms) = preSolution
		Debug|Any CPU = Debug|Any CPU
		Release|Any CPU = Release|Any CPU
	EndGlobalSection
	GlobalSection(ProjectConfigurationPlatforms) = postSolution
		{5F7AAEBC-2C08-4405-A565-1D43F2966B4F}.Debug|Any CPU.ActiveCfg = Debug|Any CPU
		{5F7AAEBC-2C08-4405-A565-1D43F2966B4F}.Debug|Any CPU.Build.0 = Debug|Any CPU
		{5F7AAEBC-2C08-4405-A565-1D43F2966B4F}.Release|Any CPU.ActiveCfg = Release|Any CPU
		{5F7AAEBC-2C08-4405-A565-1D43F2966B4F}.Release|Any CPU.Build.0 = Release|Any CPU
	EndGlobalSection
	GlobalSection(SolutionProperties) = preSolution
		HideSolutionNode = FALSE
	EndGlobalSection
	GlobalSection(ExtensibilityGlobals) = postSolution
		SolutionGuid = {D4706E59-7BC5-4AD8-AECB-CD27C69D9788}
	EndGlobalSection
EndGlobal
