
Microsoft Visual Studio Solution File, Format Version 12.00
# Visual Studio Version 16
VisualStudioVersion = 16.0.29009.5
MinimumVisualStudioVersion = 10.0.40219.1
Project("{FAE04EC0-301F-11D3-BF4B-00C04F79EFBC}") = "ZeroDocumentState", "ZeroDocumentState.csproj", "{A769F2A8-BBC7-495A-9E4E-FDA29B89AC47}"
EndProject
Global
	GlobalSection(SolutionConfigurationPlatforms) = preSolution
		Debug|Any CPU = Debug|Any CPU
		Release|Any CPU = Release|Any CPU
	EndGlobalSection
	GlobalSection(ProjectConfigurationPlatforms) = postSolution
		{A769F2A8-BBC7-495A-9E4E-FDA29B89AC47}.Debug|Any CPU.ActiveCfg = Debug|Any CPU
		{A769F2A8-BBC7-495A-9E4E-FDA29B89AC47}.Debug|Any CPU.Build.0 = Debug|Any CPU
		{A769F2A8-BBC7-495A-9E4E-FDA29B89AC47}.Release|Any CPU.ActiveCfg = Release|Any CPU
		{A769F2A8-BBC7-495A-9E4E-FDA29B89AC47}.Release|Any CPU.Build.0 = Release|Any CPU
	EndGlobalSection
	GlobalSection(SolutionProperties) = preSolution
		HideSolutionNode = FALSE
	EndGlobalSection
	GlobalSection(ExtensibilityGlobals) = postSolution
		SolutionGuid = {532C4F30-C95C-4F97-8873-B1B34113F273}
	EndGlobalSection
EndGlobal
